{
  "version": 4,
  "terraform_version": "1.3.7",
  "serial": 26,
  "lineage": "b058bc82-4014-1018-3983-597c490489df",
  "outputs": {},
  "resources": [
    {
      "mode": "managed",
      "type": "google_compute_address",
      "name": "staticip-app",
      "provider": "provider[\"registry.terraform.io/hashicorp/google\"]",
      "instances": [
        {
          "schema_version": 0,
          "attributes": {
            "address": "34.77.122.41",
            "address_type": "EXTERNAL",
            "creation_timestamp": "2023-02-02T08:27:36.500-08:00",
            "description": "",
            "id": "projects/lbg-cloud-incubation/regions/europe-west1/addresses/ubuntu-app",
            "name": "ubuntu-app",
            "network": "",
            "network_tier": "PREMIUM",
            "prefix_length": 0,
            "project": "lbg-cloud-incubation",
            "purpose": "",
            "region": "europe-west1",
            "self_link": "https://www.googleapis.com/compute/v1/projects/lbg-cloud-incubation/regions/europe-west1/addresses/ubuntu-app",
            "subnetwork": "",
            "timeouts": null,
            "users": [
              "https://www.googleapis.com/compute/v1/projects/lbg-cloud-incubation/zones/europe-west1-b/instances/ubuntu-app"
            ]
          },
          "sensitive_attributes": [],
          "private": "eyJlMmJmYjczMC1lY2FhLTExZTYtOGY4OC0zNDM2M2JjN2M0YzAiOnsiY3JlYXRlIjoyNDAwMDAwMDAwMDAsImRlbGV0ZSI6MjQwMDAwMDAwMDAwfX0="
        }
      ]
    },
    {
      "mode": "managed",
      "type": "google_compute_address",
      "name": "staticip-jenkins",
      "provider": "provider[\"registry.terraform.io/hashicorp/google\"]",
      "instances": [
        {
          "schema_version": 0,
          "attributes": {
            "address": "34.22.238.174",
            "address_type": "EXTERNAL",
            "creation_timestamp": "2023-02-02T08:27:36.464-08:00",
            "description": "",
            "id": "projects/lbg-cloud-incubation/regions/europe-west1/addresses/ubuntu-jenkins",
            "name": "ubuntu-jenkins",
            "network": "",
            "network_tier": "PREMIUM",
            "prefix_length": 0,
            "project": "lbg-cloud-incubation",
            "purpose": "",
            "region": "europe-west1",
            "self_link": "https://www.googleapis.com/compute/v1/projects/lbg-cloud-incubation/regions/europe-west1/addresses/ubuntu-jenkins",
            "subnetwork": "",
            "timeouts": null,
            "users": [
              "https://www.googleapis.com/compute/v1/projects/lbg-cloud-incubation/zones/europe-west1-b/instances/ubuntu-jenkins"
            ]
          },
          "sensitive_attributes": [],
          "private": "eyJlMmJmYjczMC1lY2FhLTExZTYtOGY4OC0zNDM2M2JjN2M0YzAiOnsiY3JlYXRlIjoyNDAwMDAwMDAwMDAsImRlbGV0ZSI6MjQwMDAwMDAwMDAwfX0="
        }
      ]
    },
    {
      "mode": "managed",
      "type": "google_compute_instance",
      "name": "ubuntu-app",
      "provider": "provider[\"registry.terraform.io/hashicorp/google\"]",
      "instances": [
        {
          "schema_version": 6,
          "attributes": {
            "advanced_machine_features": [],
            "allow_stopping_for_update": null,
            "attached_disk": [],
            "boot_disk": [
              {
                "auto_delete": true,
                "device_name": "persistent-disk-0",
                "disk_encryption_key_raw": "",
                "disk_encryption_key_sha256": "",
                "initialize_params": [
                  {
                    "image": "https://www.googleapis.com/compute/v1/projects/ubuntu-os-cloud/global/images/ubuntu-2004-focal-v20230125",
                    "labels": {},
                    "size": 10,
                    "type": "pd-standard"
                  }
                ],
                "kms_key_self_link": "",
                "mode": "READ_WRITE",
                "source": "https://www.googleapis.com/compute/v1/projects/lbg-cloud-incubation/zones/europe-west1-b/disks/ubuntu-app"
              }
            ],
            "can_ip_forward": false,
            "confidential_instance_config": [],
            "cpu_platform": "Intel Broadwell",
            "current_status": "RUNNING",
            "deletion_protection": false,
            "description": "",
            "desired_status": null,
            "enable_display": false,
            "guest_accelerator": [],
            "hostname": "",
            "id": "projects/lbg-cloud-incubation/zones/europe-west1-b/instances/ubuntu-app",
            "instance_id": "1390308280130493035",
            "label_fingerprint": "42WmSpB8rSM=",
            "labels": {},
            "machine_type": "e2-micro",
            "metadata": {},
            "metadata_fingerprint": "Z_oHo2NlVxU=",
            "metadata_startup_script": "",
            "min_cpu_platform": "",
            "name": "ubuntu-app",
            "network_interface": [
              {
                "access_config": [
                  {
                    "nat_ip": "34.77.122.41",
                    "network_tier": "PREMIUM",
                    "public_ptr_domain_name": ""
                  }
                ],
                "alias_ip_range": [],
                "ipv6_access_config": [],
                "ipv6_access_type": "",
                "name": "nic0",
                "network": "https://www.googleapis.com/compute/v1/projects/lbg-cloud-incubation/global/networks/default",
                "network_ip": "10.132.0.17",
                "nic_type": "",
                "stack_type": "IPV4_ONLY",
                "subnetwork": "https://www.googleapis.com/compute/v1/projects/lbg-cloud-incubation/regions/europe-west1/subnetworks/default",
                "subnetwork_project": "lbg-cloud-incubation"
              }
            ],
            "project": "lbg-cloud-incubation",
            "reservation_affinity": [],
            "resource_policies": [],
            "scheduling": [
              {
                "automatic_restart": true,
                "min_node_cpus": 0,
                "node_affinities": [],
                "on_host_maintenance": "MIGRATE",
                "preemptible": false
              }
            ],
            "scratch_disk": [],
            "self_link": "https://www.googleapis.com/compute/v1/projects/lbg-cloud-incubation/zones/europe-west1-b/instances/ubuntu-app",
            "service_account": [],
            "shielded_instance_config": [
              {
                "enable_integrity_monitoring": true,
                "enable_secure_boot": false,
                "enable_vtpm": true
              }
            ],
            "tags": [
              "allow-http-one"
            ],
            "tags_fingerprint": "DhI-bpDQurU=",
            "timeouts": null,
            "zone": "europe-west1-b"
          },
          "sensitive_attributes": [],
          "private": "eyJlMmJmYjczMC1lY2FhLTExZTYtOGY4OC0zNDM2M2JjN2M0YzAiOnsiY3JlYXRlIjoxMjAwMDAwMDAwMDAwLCJkZWxldGUiOjEyMDAwMDAwMDAwMDAsInVwZGF0ZSI6MTIwMDAwMDAwMDAwMH0sInNjaGVtYV92ZXJzaW9uIjoiNiJ9",
          "dependencies": [
            "google_compute_address.staticip-app"
          ]
        }
      ]
    },
    {
      "mode": "managed",
      "type": "google_compute_instance",
      "name": "ubuntu-jenkins",
      "provider": "provider[\"registry.terraform.io/hashicorp/google\"]",
      "instances": [
        {
          "schema_version": 6,
          "attributes": {
            "advanced_machine_features": [],
            "allow_stopping_for_update": null,
            "attached_disk": [],
            "boot_disk": [
              {
                "auto_delete": true,
                "device_name": "persistent-disk-0",
                "disk_encryption_key_raw": "",
                "disk_encryption_key_sha256": "",
                "initialize_params": [
                  {
                    "image": "https://www.googleapis.com/compute/v1/projects/ubuntu-os-cloud/global/images/ubuntu-2004-focal-v20230125",
                    "labels": {},
                    "size": 10,
                    "type": "pd-standard"
                  }
                ],
                "kms_key_self_link": "",
                "mode": "READ_WRITE",
                "source": "https://www.googleapis.com/compute/v1/projects/lbg-cloud-incubation/zones/europe-west1-b/disks/ubuntu-jenkins"
              }
            ],
            "can_ip_forward": false,
            "confidential_instance_config": [],
            "cpu_platform": "Intel Broadwell",
            "current_status": "RUNNING",
            "deletion_protection": false,
            "description": "",
            "desired_status": null,
            "enable_display": false,
            "guest_accelerator": [],
            "hostname": "",
            "id": "projects/lbg-cloud-incubation/zones/europe-west1-b/instances/ubuntu-jenkins",
            "instance_id": "838944735429548651",
            "label_fingerprint": "42WmSpB8rSM=",
            "labels": {},
            "machine_type": "e2-micro",
            "metadata": {},
            "metadata_fingerprint": "pm9AJhlIbmg=",
            "metadata_startup_script": "#!/bin/bash\nif type apt \u003e /dev/null; then\n    pkg_mgr=apt\n    if [ $(uname -v) == *Debian* ]; then\n      java=\"default-jre\"\n    else\n      java=\"openjdk-11-jre\"\n    fi\nelif type yum /dev/null; then\n    pkg_mgr=yum\n    java=\"java\"\nfi\necho \"updating and installing dependencies\"\nsudo ${pkg_mgr} update\nsudo ${pkg_mgr} install -y ${java} wget git \u003e /dev/null\necho \"configuring jenkins user\"\nsudo useradd -m -s /bin/bash jenkins\necho \"downloading latest jenkins WAR\"\nsudo su - jenkins -c \"curl -L https://updates.jenkins-ci.org/latest/jenkins.war --output jenkins.war\"\necho \"setting up jenkins service\"\nsudo tee /etc/systemd/system/jenkins.service \u003c\u003c EOF \u003e /dev/null\n[Unit]\nDescription=Jenkins Server\n\n[Service]\nUser=jenkins\nWorkingDirectory=/home/jenkins\nExecStart=/usr/bin/java -jar /home/jenkins/jenkins.war\n\n[Install]\nWantedBy=multi-user.target\nEOF\nsudo systemctl daemon-reload\nsudo systemctl enable jenkins\nsudo systemctl restart jenkins\nsudo su - jenkins \u003c\u003c EOF\nuntil [ -f .jenkins/secrets/initialAdminPassword ]; do\n    sleep 1\n    echo \"waiting for initial admin password\"\ndone\nuntil [[ -n \"\\$(cat  .jenkins/secrets/initialAdminPassword)\" ]]; do\n    sleep 1\n    echo \"waiting for initial admin password\"\ndone\necho \"initial admin password: \\$(cat .jenkins/secrets/initialAdminPassword)\"\nEOF",
            "min_cpu_platform": "",
            "name": "ubuntu-jenkins",
            "network_interface": [
              {
                "access_config": [
                  {
                    "nat_ip": "34.22.238.174",
                    "network_tier": "PREMIUM",
                    "public_ptr_domain_name": ""
                  }
                ],
                "alias_ip_range": [],
                "ipv6_access_config": [],
                "ipv6_access_type": "",
                "name": "nic0",
                "network": "https://www.googleapis.com/compute/v1/projects/lbg-cloud-incubation/global/networks/default",
                "network_ip": "10.132.0.16",
                "nic_type": "",
                "stack_type": "IPV4_ONLY",
                "subnetwork": "https://www.googleapis.com/compute/v1/projects/lbg-cloud-incubation/regions/europe-west1/subnetworks/default",
                "subnetwork_project": "lbg-cloud-incubation"
              }
            ],
            "project": "lbg-cloud-incubation",
            "reservation_affinity": [],
            "resource_policies": [],
            "scheduling": [
              {
                "automatic_restart": true,
                "min_node_cpus": 0,
                "node_affinities": [],
                "on_host_maintenance": "MIGRATE",
                "preemptible": false
              }
            ],
            "scratch_disk": [],
            "self_link": "https://www.googleapis.com/compute/v1/projects/lbg-cloud-incubation/zones/europe-west1-b/instances/ubuntu-jenkins",
            "service_account": [],
            "shielded_instance_config": [
              {
                "enable_integrity_monitoring": true,
                "enable_secure_boot": false,
                "enable_vtpm": true
              }
            ],
            "tags": [
              "allow-http-two"
            ],
            "tags_fingerprint": "WMnt2DN3LK0=",
            "timeouts": null,
            "zone": "europe-west1-b"
          },
          "sensitive_attributes": [],
          "private": "eyJlMmJmYjczMC1lY2FhLTExZTYtOGY4OC0zNDM2M2JjN2M0YzAiOnsiY3JlYXRlIjoxMjAwMDAwMDAwMDAwLCJkZWxldGUiOjEyMDAwMDAwMDAwMDAsInVwZGF0ZSI6MTIwMDAwMDAwMDAwMH0sInNjaGVtYV92ZXJzaW9uIjoiNiJ9",
          "dependencies": [
            "google_compute_address.staticip-jenkins"
          ]
        }
      ]
    },
    {
      "mode": "managed",
      "type": "google_compute_network",
      "name": "vpc_network",
      "provider": "provider[\"registry.terraform.io/hashicorp/google\"]",
      "instances": [
        {
          "schema_version": 0,
          "attributes": {
            "auto_create_subnetworks": true,
            "delete_default_routes_on_create": false,
            "description": "",
            "gateway_ipv4": "",
            "id": "projects/lbg-cloud-incubation/global/networks/my-terraform-network",
            "mtu": 0,
            "name": "my-terraform-network",
            "project": "lbg-cloud-incubation",
            "routing_mode": "REGIONAL",
            "self_link": "https://www.googleapis.com/compute/v1/projects/lbg-cloud-incubation/global/networks/my-terraform-network",
            "timeouts": null
          },
          "sensitive_attributes": [],
          "private": "eyJlMmJmYjczMC1lY2FhLTExZTYtOGY4OC0zNDM2M2JjN2M0YzAiOnsiY3JlYXRlIjoyNDAwMDAwMDAwMDAsImRlbGV0ZSI6MjQwMDAwMDAwMDAwLCJ1cGRhdGUiOjI0MDAwMDAwMDAwMH19"
        }
      ]
    },
    {
      "mode": "managed",
      "type": "google_compute_subnetwork",
      "name": "public",
      "provider": "provider[\"registry.terraform.io/hashicorp/google\"]",
      "instances": [
        {
          "schema_version": 0,
          "attributes": {
            "creation_timestamp": "2023-02-02T08:27:37.262-08:00",
            "description": "",
            "external_ipv6_prefix": "",
            "fingerprint": null,
            "gateway_address": "10.0.1.1",
            "id": "projects/lbg-cloud-incubation/regions/europe-west1/subnetworks/public-subnet",
            "ip_cidr_range": "10.0.1.0/24",
            "ipv6_access_type": "",
            "ipv6_cidr_range": "",
            "log_config": [],
            "name": "public-subnet",
            "network": "https://www.googleapis.com/compute/v1/projects/lbg-cloud-incubation/global/networks/my-terraform-network",
            "private_ip_google_access": false,
            "private_ipv6_google_access": "DISABLE_GOOGLE_ACCESS",
            "project": "lbg-cloud-incubation",
            "purpose": "PRIVATE",
            "region": "europe-west1",
            "role": "",
            "secondary_ip_range": [],
            "self_link": "https://www.googleapis.com/compute/v1/projects/lbg-cloud-incubation/regions/europe-west1/subnetworks/public-subnet",
            "stack_type": "IPV4_ONLY",
            "timeouts": null
          },
          "sensitive_attributes": [],
          "private": "eyJlMmJmYjczMC1lY2FhLTExZTYtOGY4OC0zNDM2M2JjN2M0YzAiOnsiY3JlYXRlIjozNjAwMDAwMDAwMDAsImRlbGV0ZSI6MzYwMDAwMDAwMDAwLCJ1cGRhdGUiOjM2MDAwMDAwMDAwMH19",
          "dependencies": [
            "google_compute_network.vpc_network"
          ]
        }
      ]
    }
  ],
  "check_results": null
}
